// !$*UTF8*$!
{
	archiveVersion = 1;
	classes = {
	};
	objectVersion = 77;
	objects = {

/* Begin PBXBuildFile section */
		2A49FFC02E4E61F3003C107C /* Alamofire in Frameworks */ = {isa = PBXBuildFile; productRef = 2A49FFBF2E4E61F3003C107C /* Alamofire */; };
		2A49FFEB2E4E6705003C107C /* Kingfisher in Frameworks */ = {isa = PBXBuildFile; productRef = 2A49FFEA2E4E6705003C107C /* Kingfisher */; };
/* End PBXBuildFile section */

/* Begin PBXContainerItemProxy section */
		2A49FFA12E4E61AE003C107C /* PBXContainerItemProxy */ = {
			isa = PBXContainerItemProxy;
			containerPortal = 2A49FF822E4E61AB003C107C /* Project object */;
			proxyType = 1;
			remoteGlobalIDString = 2A49FF892E4E61AB003C107C;
			remoteInfo = DogsApp;
		};
		2A49FFAB2E4E61AE003C107C /* PBXContainerItemProxy */ = {
			isa = PBXContainerItemProxy;
			containerPortal = 2A49FF822E4E61AB003C107C /* Project object */;
			proxyType = 1;
			remoteGlobalIDString = 2A49FF892E4E61AB003C107C;
			remoteInfo = DogsApp;
		};
/* End PBXContainerItemProxy section */

/* Begin PBXCopyFilesBuildPhase section */
		2A49FFC62E4E639D003C107C /* Embed Frameworks */ = {
			isa = PBXCopyFilesBuildPhase;
			buildActionMask = 2147483647;
			dstPath = "";
			dstSubfolderSpec = 10;
			files = (
			);
			name = "Embed Frameworks";
			runOnlyForDeploymentPostprocessing = 0;
		};
/* End PBXCopyFilesBuildPhase section */

/* Begin PBXFileReference section */
		2A49FF8A2E4E61AB003C107C /* DogsApp.app */ = {isa = PBXFileReference; explicitFileType = wrapper.application; includeInIndex = 0; path = DogsApp.app; sourceTree = BUILT_PRODUCTS_DIR; };
		2A49FFA02E4E61AE003C107C /* DogsAppTests.xctest */ = {isa = PBXFileReference; explicitFileType = wrapper.cfbundle; includeInIndex = 0; path = DogsAppTests.xctest; sourceTree = BUILT_PRODUCTS_DIR; };
		2A49FFAA2E4E61AE003C107C /* DogsAppUITests.xctest */ = {isa = PBXFileReference; explicitFileType = wrapper.cfbundle; includeInIndex = 0; path = DogsAppUITests.xctest; sourceTree = BUILT_PRODUCTS_DIR; };
/* End PBXFileReference section */

/* Begin PBXFileSystemSynchronizedBuildFileExceptionSet section */
		2A49FFB22E4E61AE003C107C /* Exceptions for "DogsApp" folder in "DogsApp" target */ = {
			isa = PBXFileSystemSynchronizedBuildFileExceptionSet;
			membershipExceptions = (
				Info.plist,
			);
			target = 2A49FF892E4E61AB003C107C /* DogsApp */;
		};
/* End PBXFileSystemSynchronizedBuildFileExceptionSet section */

/* Begin PBXFileSystemSynchronizedRootGroup section */
		2A49FF8C2E4E61AB003C107C /* DogsApp */ = {
			isa = PBXFileSystemSynchronizedRootGroup;
			exceptions = (
				2A49FFB22E4E61AE003C107C /* Exceptions for "DogsApp" folder in "DogsApp" target */,
			);
			path = DogsApp;
			sourceTree = "<group>";
		};
		2A49FFA32E4E61AE003C107C /* DogsAppTests */ = {
			isa = PBXFileSystemSynchronizedRootGroup;
			path = DogsAppTests;
			sourceTree = "<group>";
		};
		2A49FFAD2E4E61AE003C107C /* DogsAppUITests */ = {
			isa = PBXFileSystemSynchronizedRootGroup;
			path = DogsAppUITests;
			sourceTree = "<group>";
		};
/* End PBXFileSystemSynchronizedRootGroup section */

/* Begin PBXFrameworksBuildPhase section */
		2A49FF872E4E61AB003C107C /* Frameworks */ = {
			isa = PBXFrameworksBuildPhase;
			buildActionMask = 2147483647;
			files = (
				2A49FFEB2E4E6705003C107C /* Kingfisher in Frameworks */,
				2A49FFC02E4E61F3003C107C /* Alamofire in Frameworks */,
			);
			runOnlyForDeploymentPostprocessing = 0;
		};
		2A49FF9D2E4E61AE003C107C /* Frameworks */ = {
			isa = PBXFrameworksBuildPhase;
			buildActionMask = 2147483647;
			files = (
			);
			runOnlyForDeploymentPostprocessing = 0;
		};
		2A49FFA72E4E61AE003C107C /* Frameworks */ = {
			isa = PBXFrameworksBuildPhase;
			buildActionMask = 2147483647;
			files = (
			);
			runOnlyForDeploymentPostprocessing = 0;
		};
/* End PBXFrameworksBuildPhase section */

/* Begin PBXGroup section */
		2A49FF812E4E61AB003C107C = {
			isa = PBXGroup;
			children = (
				2A49FF8C2E4E61AB003C107C /* DogsApp */,
				2A49FFA32E4E61AE003C107C /* DogsAppTests */,
				2A49FFAD2E4E61AE003C107C /* DogsAppUITests */,
				2A49FF8B2E4E61AB003C107C /* Products */,
			);
			sourceTree = "<group>";
		};
		2A49FF8B2E4E61AB003C107C /* Products */ = {
			isa = PBXGroup;
			children = (
				2A49FF8A2E4E61AB003C107C /* DogsApp.app */,
				2A49FFA02E4E61AE003C107C /* DogsAppTests.xctest */,
				2A49FFAA2E4E61AE003C107C /* DogsAppUITests.xctest */,
			);
			name = Products;
			sourceTree = "<group>";
		};
/* End PBXGroup section */

/* Begin PBXNativeTarget section */
		2A49FF892E4E61AB003C107C /* DogsApp */ = {
			isa = PBXNativeTarget;
			buildConfigurationList = 2A49FFB32E4E61AE003C107C /* Build configuration list for PBXNativeTarget "DogsApp" */;
			buildPhases = (
				2A49FF862E4E61AB003C107C /* Sources */,
				2A49FF872E4E61AB003C107C /* Frameworks */,
				2A49FF882E4E61AB003C107C /* Resources */,
				2A49FFC62E4E639D003C107C /* Embed Frameworks */,
			);
			buildRules = (
			);
			dependencies = (
			);
			fileSystemSynchronizedGroups = (
				2A49FF8C2E4E61AB003C107C /* DogsApp */,
			);
			name = DogsApp;
			packageProductDependencies = (
				2A49FFBF2E4E61F3003C107C /* Alamofire */,
				2A49FFEA2E4E6705003C107C /* Kingfisher */,
			);
			productName = DogsApp;
			productReference = 2A49FF8A2E4E61AB003C107C /* DogsApp.app */;
			productType = "com.apple.product-type.application";
		};
		2A49FF9F2E4E61AE003C107C /* DogsAppTests */ = {
			isa = PBXNativeTarget;
			buildConfigurationList = 2A49FFB82E4E61AE003C107C /* Build configuration list for PBXNativeTarget "DogsAppTests" */;
			buildPhases = (
				2A49FF9C2E4E61AE003C107C /* Sources */,
				2A49FF9D2E4E61AE003C107C /* Frameworks */,
				2A49FF9E2E4E61AE003C107C /* Resources */,
			);
			buildRules = (
			);
			dependencies = (
				2A49FFA22E4E61AE003C107C /* PBXTargetDependency */,
			);
			fileSystemSynchronizedGroups = (
				2A49FFA32E4E61AE003C107C /* DogsAppTests */,
			);
			name = DogsAppTests;
			packageProductDependencies = (
			);
			productName = DogsAppTests;
			productReference = 2A49FFA02E4E61AE003C107C /* DogsAppTests.xctest */;
			productType = "com.apple.product-type.bundle.unit-test";
		};
		2A49FFA92E4E61AE003C107C /* DogsAppUITests */ = {
			isa = PBXNativeTarget;
			buildConfigurationList = 2A49FFBB2E4E61AE003C107C /* Build configuration list for PBXNativeTarget "DogsAppUITests" */;
			buildPhases = (
				2A49FFA62E4E61AE003C107C /* Sources */,
				2A49FFA72E4E61AE003C107C /* Frameworks */,
				2A49FFA82E4E61AE003C107C /* Resources */,
			);
			buildRules = (
			);
			dependencies = (
				2A49FFAC2E4E61AE003C107C /* PBXTargetDependency */,
			);
			fileSystemSynchronizedGroups = (
				2A49FFAD2E4E61AE003C107C /* DogsAppUITests */,
			);
			name = DogsAppUITests;
			packageProductDependencies = (
			);
			productName = DogsAppUITests;
			productReference = 2A49FFAA2E4E61AE003C107C /* DogsAppUITests.xctest */;
			productType = "com.apple.product-type.bundle.ui-testing";
		};
/* End PBXNativeTarget section */

/* Begin PBXProject section */
		2A49FF822E4E61AB003C107C /* Project object */ = {
			isa = PBXProject;
			attributes = {
				BuildIndependentTargetsInParallel = 1;
				LastSwiftUpdateCheck = 1640;
				LastUpgradeCheck = 1640;
				TargetAttributes = {
					2A49FF892E4E61AB003C107C = {
						CreatedOnToolsVersion = 16.4;
					};
					2A49FF9F2E4E61AE003C107C = {
						CreatedOnToolsVersion = 16.4;
						TestTargetID = 2A49FF892E4E61AB003C107C;
					};
					2A49FFA92E4E61AE003C107C = {
						CreatedOnToolsVersion = 16.4;
						TestTargetID = 2A49FF892E4E61AB003C107C;
					};
				};
			};
			buildConfigurationList = 2A49FF852E4E61AB003C107C /* Build configuration list for PBXProject "DogsApp" */;
			developmentRegion = en;
			hasScannedForEncodings = 0;
			knownRegions = (
				en,
				Base,
			);
			mainGroup = 2A49FF812E4E61AB003C107C;
			minimizedProjectReferenceProxies = 1;
			packageReferences = (
				2A49FFBE2E4E61F3003C107C /* XCRemoteSwiftPackageReference "Alamofire" */,
				2A49FFE92E4E6705003C107C /* XCRemoteSwiftPackageReference "Kingfisher" */,
			);
			preferredProjectObjectVersion = 77;
			productRefGroup = 2A49FF8B2E4E61AB003C107C /* Products */;
			projectDirPath = "";
			projectRoot = "";
			targets = (
				2A49FF892E4E61AB003C107C /* DogsApp */,
				2A49FF9F2E4E61AE003C107C /* DogsAppTests */,
				2A49FFA92E4E61AE003C107C /* DogsAppUITests */,
			);
		};
/* End PBXProject section */

/* Begin PBXResourcesBuildPhase section */
		2A49FF882E4E61AB003C107C /* Resources */ = {
			isa = PBXResourcesBuildPhase;
			buildActionMask = 2147483647;
			files = (
			);
			runOnlyForDeploymentPostprocessing = 0;
		};
		2A49FF9E2E4E61AE003C107C /* Resources */ = {
			isa = PBXResourcesBuildPhase;
			buildActionMask = 2147483647;
			files = (
			);
			runOnlyForDeploymentPostprocessing = 0;
		};
		2A49FFA82E4E61AE003C107C /* Resources */ = {
			isa = PBXResourcesBuildPhase;
			buildActionMask = 2147483647;
			files = (
			);
			runOnlyForDeploymentPostprocessing = 0;
		};
/* End PBXResourcesBuildPhase section */

/* Begin PBXSourcesBuildPhase section */
		2A49FF862E4E61AB003C107C /* Sources */ = {
			isa = PBXSourcesBuildPhase;
			buildActionMask = 2147483647;
			files = (
			);
			runOnlyForDeploymentPostprocessing = 0;
		};
		2A49FF9C2E4E61AE003C107C /* Sources */ = {
			isa = PBXSourcesBuildPhase;
			buildActionMask = 2147483647;
			files = (
			);
			runOnlyForDeploymentPostprocessing = 0;
		};
		2A49FFA62E4E61AE003C107C /* Sources */ = {
			isa = PBXSourcesBuildPhase;
			buildActionMask = 2147483647;
			files = (
			);
			runOnlyForDeploymentPostprocessing = 0;
		};
/* End PBXSourcesBuildPhase section */

/* Begin PBXTargetDependency section */
		2A49FFA22E4E61AE003C107C /* PBXTargetDependency */ = {
			isa = PBXTargetDependency;
			target = 2A49FF892E4E61AB003C107C /* DogsApp */;
			targetProxy = 2A49FFA12E4E61AE003C107C /* PBXContainerItemProxy */;
		};
		2A49FFAC2E4E61AE003C107C /* PBXTargetDependency */ = {
			isa = PBXTargetDependency;
			target = 2A49FF892E4E61AB003C107C /* DogsApp */;
			targetProxy = 2A49FFAB2E4E61AE003C107C /* PBXContainerItemProxy */;
		};
/* End PBXTargetDependency section */

/* Begin XCBuildConfiguration section */
		2A49FFB42E4E61AE003C107C /* Debug */ = {
			isa = XCBuildConfiguration;
			buildSettings = {
				ASSETCATALOG_COMPILER_APPICON_NAME = AppIcon;
				ASSETCATALOG_COMPILER_GLOBAL_ACCENT_COLOR_NAME = AccentColor;
				CODE_SIGN_STYLE = Automatic;
				CURRENT_PROJECT_VERSION = 1;
				DEVELOPMENT_TEAM = 77G893PS3R;
				GENERATE_INFOPLIST_FILE = YES;
				INFOPLIST_FILE = DogsApp/Info.plist;
				INFOPLIST_KEY_UIApplicationSupportsIndirectInputEvents = YES;
				INFOPLIST_KEY_UILaunchStoryboardName = LaunchScreen;
				INFOPLIST_KEY_UIMainStoryboardFile = Main;
				INFOPLIST_KEY_UISupportedInterfaceOrientations = UIInterfaceOrientationPortrait;
				INFOPLIST_KEY_UISupportedInterfaceOrientations_iPad = "UIInterfaceOrientationLandscapeLeft UIInterfaceOrientationLandscapeRight UIInterfaceOrientationPortrait UIInterfaceOrientationPortraitUpsideDown";
				LD_RUNPATH_SEARCH_PATHS = (
					"$(inherited)",
					"@executable_path/Frameworks",
				);
				MARKETING_VERSION = 1.0;
				PRODUCT_BUNDLE_IDENTIFIER = galina.DogsApp.DogsApp;
				PRODUCT_NAME = "$(TARGET_NAME)";
				SUPPORTED_PLATFORMS = "iphoneos iphonesimulator";
				SUPPORTS_MACCATALYST = NO;
				SUPPORTS_MAC_DESIGNED_FOR_IPHONE_IPAD = NO;
				SUPPORTS_XR_DESIGNED_FOR_IPHONE_IPAD = NO;
				SWIFT_EMIT_LOC_STRINGS = YES;
				SWIFT_VERSION = 5.0;
				TARGETED_DEVICE_FAMILY = 1;
			};
			name = Debug;
		};
		2A49FFB52E4E61AE003C107C /* Release */ = {
			isa = XCBuildConfiguration;
			buildSettings = {
				ASSETCATALOG_COMPILER_APPICON_NAME = AppIcon;
				ASSETCATALOG_COMPILER_GLOBAL_ACCENT_COLOR_NAME = AccentColor;
				CODE_SIGN_STYLE = Automatic;
				CURRENT_PROJECT_VERSION = 1;
				DEVELOPMENT_TEAM = 77G893PS3R;
				GENERATE_INFOPLIST_FILE = YES;
				INFOPLIST_FILE = DogsApp/Info.plist;
				INFOPLIST_KEY_UIApplicationSupportsIndirectInputEvents = YES;
				INFOPLIST_KEY_UILaunchStoryboardName = LaunchScreen;
				INFOPLIST_KEY_UIMainStoryboardFile = Main;
				INFOPLIST_KEY_UISupportedInterfaceOrientations = UIInterfaceOrientationPortrait;
				INFOPLIST_KEY_UISupportedInterfaceOrientations_iPad = "UIInterfaceOrientationLandscapeLeft UIInterfaceOrientationLandscapeRight UIInterfaceOrientationPortrait UIInterfaceOrientationPortraitUpsideDown";
				LD_RUNPATH_SEARCH_PATHS = (
					"$(inherited)",
					"@executable_path/Frameworks",
				);
				MARKETING_VERSION = 1.0;
				PRODUCT_BUNDLE_IDENTIFIER = galina.DogsApp.DogsApp;
				PRODUCT_NAME = "$(TARGET_NAME)";
				SUPPORTED_PLATFORMS = "iphoneos iphonesimulator";
				SUPPORTS_MACCATALYST = NO;
				SUPPORTS_MAC_DESIGNED_FOR_IPHONE_IPAD = NO;
				SUPPORTS_XR_DESIGNED_FOR_IPHONE_IPAD = NO;
				SWIFT_EMIT_LOC_STRINGS = YES;
				SWIFT_VERSION = 5.0;
				TARGETED_DEVICE_FAMILY = 1;
			};
			name = Release;
		};
		2A49FFB62E4E61AE003C107C /* Debug */ = {
			isa = XCBuildConfiguration;
			buildSettings = {
				ALWAYS_SEARCH_USER_PATHS = NO;
				ASSETCATALOG_COMPILER_GENERATE_SWIFT_ASSET_SYMBOL_EXTENSIONS = YES;
				CLANG_ANALYZER_NONNULL = YES;
				CLANG_ANALYZER_NUMBER_OBJECT_CONVERSION = YES_AGGRESSIVE;
				CLANG_CXX_LANGUAGE_STANDARD = "gnu++20";
				CLANG_ENABLE_MODULES = YES;
				CLANG_ENABLE_OBJC_ARC = YES;
				CLANG_ENABLE_OBJC_WEAK = YES;
				CLANG_WARN_BLOCK_CAPTURE_AUTORELEASING = YES;
				CLANG_WARN_BOOL_CONVERSION = YES;
				CLANG_WARN_COMMA = YES;
				CLANG_WARN_CONSTANT_CONVERSION = YES;
				CLANG_WARN_DEPRECATED_OBJC_IMPLEMENTATIONS = YES;
				CLANG_WARN_DIRECT_OBJC_ISA_USAGE = YES_ERROR;
				CLANG_WARN_DOCUMENTATION_COMMENTS = YES;
				CLANG_WARN_EMPTY_BODY = YES;
				CLANG_WARN_ENUM_CONVERSION = YES;
				CLANG_WARN_INFINITE_RECURSION = YES;
				CLANG_WARN_INT_CONVERSION = YES;
				CLANG_WARN_NON_LITERAL_NULL_CONVERSION = YES;
				CLANG_WARN_OBJC_IMPLICIT_RETAIN_SELF = YES;
				CLANG_WARN_OBJC_LITERAL_CONVERSION = YES;
				CLANG_WARN_OBJC_ROOT_CLASS = YES_ERROR;
				CLANG_WARN_QUOTED_INCLUDE_IN_FRAMEWORK_HEADER = YES;
				CLANG_WARN_RANGE_LOOP_ANALYSIS = YES;
				CLANG_WARN_STRICT_PROTOTYPES = YES;
				CLANG_WARN_SUSPICIOUS_MOVE = YES;
				CLANG_WARN_UNGUARDED_AVAILABILITY = YES_AGGRESSIVE;
				CLANG_WARN_UNREACHABLE_CODE = YES;
				CLANG_WARN__DUPLICATE_METHOD_MATCH = YES;
				COPY_PHASE_STRIP = NO;
				DEBUG_INFORMATION_FORMAT = dwarf;
				DEVELOPMENT_TEAM = 77G893PS3R;
				ENABLE_STRICT_OBJC_MSGSEND = YES;
				ENABLE_TESTABILITY = YES;
				ENABLE_USER_SCRIPT_SANDBOXING = YES;
				GCC_C_LANGUAGE_STANDARD = gnu17;
				GCC_DYNAMIC_NO_PIC = NO;
				GCC_NO_COMMON_BLOCKS = YES;
				GCC_OPTIMIZATION_LEVEL = 0;
				GCC_PREPROCESSOR_DEFINITIONS = (
					"DEBUG=1",
					"$(inherited)",
				);
				GCC_WARN_64_TO_32_BIT_CONVERSION = YES;
				GCC_WARN_ABOUT_RETURN_TYPE = YES_ERROR;
				GCC_WARN_UNDECLARED_SELECTOR = YES;
				GCC_WARN_UNINITIALIZED_AUTOS = YES_AGGRESSIVE;
				GCC_WARN_UNUSED_FUNCTION = YES;
				GCC_WARN_UNUSED_VARIABLE = YES;
				IPHONEOS_DEPLOYMENT_TARGET = 18.5;
				LOCALIZATION_PREFERS_STRING_CATALOGS = YES;
				MTL_ENABLE_DEBUG_INFO = INCLUDE_SOURCE;
				MTL_FAST_MATH = YES;
				ONLY_ACTIVE_ARCH = YES;
				SDKROOT = iphoneos;
				SWIFT_ACTIVE_COMPILATION_CONDITIONS = "DEBUG $(inherited)";
				SWIFT_OPTIMIZATION_LEVEL = "-Onone";
			};
			name = Debug;
		};
		2A49FFB72E4E61AE003C107C /* Release */ = {
			isa = XCBuildConfiguration;
			buildSettings = {
				ALWAYS_SEARCH_USER_PATHS = NO;
				ASSETCATALOG_COMPILER_GENERATE_SWIFT_ASSET_SYMBOL_EXTENSIONS = YES;
				CLANG_ANALYZER_NONNULL = YES;
				CLANG_ANALYZER_NUMBER_OBJECT_CONVERSION = YES_AGGRESSIVE;
				CLANG_CXX_LANGUAGE_STANDARD = "gnu++20";
				CLANG_ENABLE_MODULES = YES;
				CLANG_ENABLE_OBJC_ARC = YES;
				CLANG_ENABLE_OBJC_WEAK = YES;
				CLANG_WARN_BLOCK_CAPTURE_AUTORELEASING = YES;
				CLANG_WARN_BOOL_CONVERSION = YES;
				CLANG_WARN_COMMA = YES;
				CLANG_WARN_CONSTANT_CONVERSION = YES;
				CLANG_WARN_DEPRECATED_OBJC_IMPLEMENTATIONS = YES;
				CLANG_WARN_DIRECT_OBJC_ISA_USAGE = YES_ERROR;
				CLANG_WARN_DOCUMENTATION_COMMENTS = YES;
				CLANG_WARN_EMPTY_BODY = YES;
				CLANG_WARN_ENUM_CONVERSION = YES;
				CLANG_WARN_INFINITE_RECURSION = YES;
				CLANG_WARN_INT_CONVERSION = YES;
				CLANG_WARN_NON_LITERAL_NULL_CONVERSION = YES;
				CLANG_WARN_OBJC_IMPLICIT_RETAIN_SELF = YES;
				CLANG_WARN_OBJC_LITERAL_CONVERSION = YES;
				CLANG_WARN_OBJC_ROOT_CLASS = YES_ERROR;
				CLANG_WARN_QUOTED_INCLUDE_IN_FRAMEWORK_HEADER = YES;
				CLANG_WARN_RANGE_LOOP_ANALYSIS = YES;
				CLANG_WARN_STRICT_PROTOTYPES = YES;
				CLANG_WARN_SUSPICIOUS_MOVE = YES;
				CLANG_WARN_UNGUARDED_AVAILABILITY = YES_AGGRESSIVE;
				CLANG_WARN_UNREACHABLE_CODE = YES;
				CLANG_WARN__DUPLICATE_METHOD_MATCH = YES;
				COPY_PHASE_STRIP = NO;
				DEBUG_INFORMATION_FORMAT = "dwarf-with-dsym";
				DEVELOPMENT_TEAM = 77G893PS3R;
				ENABLE_NS_ASSERTIONS = NO;
				ENABLE_STRICT_OBJC_MSGSEND = YES;
				ENABLE_USER_SCRIPT_SANDBOXING = YES;
				GCC_C_LANGUAGE_STANDARD = gnu17;
				GCC_NO_COMMON_BLOCKS = YES;
				GCC_WARN_64_TO_32_BIT_CONVERSION = YES;
				GCC_WARN_ABOUT_RETURN_TYPE = YES_ERROR;
				GCC_WARN_UNDECLARED_SELECTOR = YES;
				GCC_WARN_UNINITIALIZED_AUTOS = YES_AGGRESSIVE;
				GCC_WARN_UNUSED_FUNCTION = YES;
				GCC_WARN_UNUSED_VARIABLE = YES;
				IPHONEOS_DEPLOYMENT_TARGET = 18.5;
				LOCALIZATION_PREFERS_STRING_CATALOGS = YES;
				MTL_ENABLE_DEBUG_INFO = NO;
				MTL_FAST_MATH = YES;
				SDKROOT = iphoneos;
				SWIFT_COMPILATION_MODE = wholemodule;
				VALIDATE_PRODUCT = YES;
			};
			name = Release;
		};
		2A49FFB92E4E61AE003C107C /* Debug */ = {
			isa = XCBuildConfiguration;
			buildSettings = {
				BUNDLE_LOADER = "$(TEST_HOST)";
				CODE_SIGN_STYLE = Automatic;
				CURRENT_PROJECT_VERSION = 1;
				DEVELOPMENT_TEAM = 77G893PS3R;
				GENERATE_INFOPLIST_FILE = YES;
				IPHONEOS_DEPLOYMENT_TARGET = 18.5;
				MARKETING_VERSION = 1.0;
				PRODUCT_BUNDLE_IDENTIFIER = galina.DogsApp.DogsAppTests;
				PRODUCT_NAME = "$(TARGET_NAME)";
				SWIFT_EMIT_LOC_STRINGS = NO;
				SWIFT_VERSION = 5.0;
				TARGETED_DEVICE_FAMILY = "1,2";
				TEST_HOST = "$(BUILT_PRODUCTS_DIR)/DogsApp.app/$(BUNDLE_EXECUTABLE_FOLDER_PATH)/DogsApp";
			};
			name = Debug;
		};
		2A49FFBA2E4E61AE003C107C /* Release */ = {
			isa = XCBuildConfiguration;
			buildSettings = {
				BUNDLE_LOADER = "$(TEST_HOST)";
				CODE_SIGN_STYLE = Automatic;
				CURRENT_PROJECT_VERSION = 1;
				DEVELOPMENT_TEAM = 77G893PS3R;
				GENERATE_INFOPLIST_FILE = YES;
				IPHONEOS_DEPLOYMENT_TARGET = 18.5;
				MARKETING_VERSION = 1.0;
				PRODUCT_BUNDLE_IDENTIFIER = galina.DogsApp.DogsAppTests;
				PRODUCT_NAME = "$(TARGET_NAME)";
				SWIFT_EMIT_LOC_STRINGS = NO;
				SWIFT_VERSION = 5.0;
				TARGETED_DEVICE_FAMILY = "1,2";
				TEST_HOST = "$(BUILT_PRODUCTS_DIR)/DogsApp.app/$(BUNDLE_EXECUTABLE_FOLDER_PATH)/DogsApp";
			};
			name = Release;
		};
		2A49FFBC2E4E61AE003C107C /* Debug */ = {
			isa = XCBuildConfiguration;
			buildSettings = {
				CODE_SIGN_STYLE = Automatic;
				CURRENT_PROJECT_VERSION = 1;
				DEVELOPMENT_TEAM = 77G893PS3R;
				GENERATE_INFOPLIST_FILE = YES;
				MARKETING_VERSION = 1.0;
				PRODUCT_BUNDLE_IDENTIFIER = galina.DogsApp.DogsAppUITests;
				PRODUCT_NAME = "$(TARGET_NAME)";
				SWIFT_EMIT_LOC_STRINGS = NO;
				SWIFT_VERSION = 5.0;
				TARGETED_DEVICE_FAMILY = "1,2";
				TEST_TARGET_NAME = DogsApp;
			};
			name = Debug;
		};
		2A49FFBD2E4E61AE003C107C /* Release */ = {
			isa = XCBuildConfiguration;
			buildSettings = {
				CODE_SIGN_STYLE = Automatic;
				CURRENT_PROJECT_VERSION = 1;
				DEVELOPMENT_TEAM = 77G893PS3R;
				GENERATE_INFOPLIST_FILE = YES;
				MARKETING_VERSION = 1.0;
				PRODUCT_BUNDLE_IDENTIFIER = galina.DogsApp.DogsAppUITests;
				PRODUCT_NAME = "$(TARGET_NAME)";
				SWIFT_EMIT_LOC_STRINGS = NO;
				SWIFT_VERSION = 5.0;
				TARGETED_DEVICE_FAMILY = "1,2";
				TEST_TARGET_NAME = DogsApp;
			};
			name = Release;
		};
/* End XCBuildConfiguration section */

/* Begin XCConfigurationList section */
		2A49FF852E4E61AB003C107C /* Build configuration list for PBXProject "DogsApp" */ = {
			isa = XCConfigurationList;
			buildConfigurations = (
				2A49FFB62E4E61AE003C107C /* Debug */,
				2A49FFB72E4E61AE003C107C /* Release */,
			);
			defaultConfigurationIsVisible = 0;
			defaultConfigurationName = Release;
		};
		2A49FFB32E4E61AE003C107C /* Build configuration list for PBXNativeTarget "DogsApp" */ = {
			isa = XCConfigurationList;
			buildConfigurations = (
				2A49FFB42E4E61AE003C107C /* Debug */,
				2A49FFB52E4E61AE003C107C /* Release */,
			);
			defaultConfigurationIsVisible = 0;
			defaultConfigurationName = Release;
		};
		2A49FFB82E4E61AE003C107C /* Build configuration list for PBXNativeTarget "DogsAppTests" */ = {
			isa = XCConfigurationList;
			buildConfigurations = (
				2A49FFB92E4E61AE003C107C /* Debug */,
				2A49FFBA2E4E61AE003C107C /* Release */,
			);
			defaultConfigurationIsVisible = 0;
			defaultConfigurationName = Release;
		};
		2A49FFBB2E4E61AE003C107C /* Build configuration list for PBXNativeTarget "DogsAppUITests" */ = {
			isa = XCConfigurationList;
			buildConfigurations = (
				2A49FFBC2E4E61AE003C107C /* Debug */,
				2A49FFBD2E4E61AE003C107C /* Release */,
			);
			defaultConfigurationIsVisible = 0;
			defaultConfigurationName = Release;
		};
/* End XCConfigurationList section */

/* Begin XCRemoteSwiftPackageReference section */
		2A49FFBE2E4E61F3003C107C /* XCRemoteSwiftPackageReference "Alamofire" */ = {
			isa = XCRemoteSwiftPackageReference;
			repositoryURL = "https://github.com/Alamofire/Alamofire";
			requirement = {
				kind = upToNextMajorVersion;
				minimumVersion = 5.10.2;
			};
		};
		2A49FFE92E4E6705003C107C /* XCRemoteSwiftPackageReference "Kingfisher" */ = {
			isa = XCRemoteSwiftPackageReference;
			repositoryURL = "https://github.com/onevcat/Kingfisher.git";
			requirement = {
				kind = upToNextMajorVersion;
				minimumVersion = 8.5.0;
			};
		};
/* End XCRemoteSwiftPackageReference section */

/* Begin XCSwiftPackageProductDependency section */
		2A49FFBF2E4E61F3003C107C /* Alamofire */ = {
			isa = XCSwiftPackageProductDependency;
			package = 2A49FFBE2E4E61F3003C107C /* XCRemoteSwiftPackageReference "Alamofire" */;
			productName = Alamofire;
		};
		2A49FFEA2E4E6705003C107C /* Kingfisher */ = {
			isa = XCSwiftPackageProductDependency;
			package = 2A49FFE92E4E6705003C107C /* XCRemoteSwiftPackageReference "Kingfisher" */;
			productName = Kingfisher;
		};
/* End XCSwiftPackageProductDependency section */
	};
	rootObject = 2A49FF822E4E61AB003C107C /* Project object */;
}
